
Microsoft Visual Studio Solution File, Format Version 12.00
# Visual Studio Version 17
VisualStudioVersion = 17.11.35312.102
MinimumVisualStudioVersion = 10.0.40219.1
Project("{FAE04EC0-301F-11D3-BF4B-00C04F79EFBC}") = "task_mvc", "task_mvc\task_mvc.csproj", "{9B6E8244-0B5B-4995-BECD-65FBFBEDB9FF}"
EndProject
Global
	GlobalSection(SolutionConfigurationPlatforms) = preSolution
		Debug|Any CPU = Debug|Any CPU
		Release|Any CPU = Release|Any CPU
	EndGlobalSection
	GlobalSection(ProjectConfigurationPlatforms) = postSolution
		{9B6E8244-0B5B-4995-BECD-65FBFBEDB9FF}.Debug|Any CPU.ActiveCfg = Debug|Any CPU
		{9B6E8244-0B5B-4995-BECD-65FBFBEDB9FF}.Debug|Any CPU.Build.0 = Debug|Any CPU
		{9B6E8244-0B5B-4995-BECD-65FBFBEDB9FF}.Release|Any CPU.ActiveCfg = Release|Any CPU
		{9B6E8244-0B5B-4995-BECD-65FBFBEDB9FF}.Release|Any CPU.Build.0 = Release|Any CPU
	EndGlobalSection
	GlobalSection(SolutionProperties) = preSolution
		HideSolutionNode = FALSE
	EndGlobalSection
	GlobalSection(ExtensibilityGlobals) = postSolution
		SolutionGuid = {63E65A50-CA57-4084-9B2D-758A269C3243}
	EndGlobalSection
EndGlobal
