
Microsoft Visual Studio Solution File, Format Version 12.00
# Visual Studio Version 17
VisualStudioVersion = 17.11.35312.102
MinimumVisualStudioVersion = 10.0.40219.1
Project("{FAE04EC0-301F-11D3-BF4B-00C04F79EFBC}") = "ReflectionTask", "ReflectionTask\ReflectionTask.csproj", "{06A32A3B-C615-4FBB-9802-C67B6AA4CBDA}"
EndProject
Global
	GlobalSection(SolutionConfigurationPlatforms) = preSolution
		Debug|Any CPU = Debug|Any CPU
		Release|Any CPU = Release|Any CPU
	EndGlobalSection
	GlobalSection(ProjectConfigurationPlatforms) = postSolution
		{06A32A3B-C615-4FBB-9802-C67B6AA4CBDA}.Debug|Any CPU.ActiveCfg = Debug|Any CPU
		{06A32A3B-C615-4FBB-9802-C67B6AA4CBDA}.Debug|Any CPU.Build.0 = Debug|Any CPU
		{06A32A3B-C615-4FBB-9802-C67B6AA4CBDA}.Release|Any CPU.ActiveCfg = Release|Any CPU
		{06A32A3B-C615-4FBB-9802-C67B6AA4CBDA}.Release|Any CPU.Build.0 = Release|Any CPU
	EndGlobalSection
	GlobalSection(SolutionProperties) = preSolution
		HideSolutionNode = FALSE
	EndGlobalSection
	GlobalSection(ExtensibilityGlobals) = postSolution
		SolutionGuid = {A77E6438-1BD2-43F1-A4F4-903E684F9EE2}
	EndGlobalSection
EndGlobal
